{
  "name": "vamp-node-client",
  "version": "0.9.4",
  "lockfileVersion": 1,
  "requires": true,
  "dependencies": {
    "date-fns": {
      "version": "1.29.0",
      "resolved": "https://registry.npmjs.org/date-fns/-/date-fns-1.29.0.tgz",
      "integrity": "sha512-lbTXWZ6M20cWH8N9S6afb0SBm6tMk+uUg6z3MqHPKE9atmsY3kJkTm8vKe93izJ2B2+q5MV990sM2CHgtAZaOw=="
    },
    "highland": {
      "version": "3.0.0-beta.5",
      "resolved": "https://registry.npmjs.org/highland/-/highland-3.0.0-beta.5.tgz",
      "integrity": "sha1-3j84U7/EVn92hy1DWU+Winf0RfM="
    }
  }
}
